// !$*UTF8*$!
{
	archiveVersion = 1;
	classes = {
	};
	objectVersion = 50;
	objects = {

/* Begin PBXBuildFile section */
		E35AEFB524EFC949002C9FAA /* AppDelegate.swift in Sources */ = {isa = PBXBuildFile; fileRef = E35AEFB424EFC949002C9FAA /* AppDelegate.swift */; };
		E35AEFB724EFC949002C9FAA /* SceneDelegate.swift in Sources */ = {isa = PBXBuildFile; fileRef = E35AEFB624EFC949002C9FAA /* SceneDelegate.swift */; };
		E35AEFB924EFC949002C9FAA /* ViewController.swift in Sources */ = {isa = PBXBuildFile; fileRef = E35AEFB824EFC949002C9FAA /* ViewController.swift */; };
		E35AEFBC24EFC949002C9FAA /* Main.storyboard in Resources */ = {isa = PBXBuildFile; fileRef = E35AEFBA24EFC949002C9FAA /* Main.storyboard */; };
		E35AEFBE24EFC94B002C9FAA /* Assets.xcassets in Resources */ = {isa = PBXBuildFile; fileRef = E35AEFBD24EFC94B002C9FAA /* Assets.xcassets */; };
		E35AEFC124EFC94B002C9FAA /* LaunchScreen.storyboard in Resources */ = {isa = PBXBuildFile; fileRef = E35AEFBF24EFC94B002C9FAA /* LaunchScreen.storyboard */; };
/* End PBXBuildFile section */

/* Begin PBXFileReference section */
		E35AEFB124EFC949002C9FAA /* TTCAssignment.app */ = {isa = PBXFileReference; explicitFileType = wrapper.application; includeInIndex = 0; path = TTCAssignment.app; sourceTree = BUILT_PRODUCTS_DIR; };
		E35AEFB424EFC949002C9FAA /* AppDelegate.swift */ = {isa = PBXFileReference; lastKnownFileType = sourcecode.swift; path = AppDelegate.swift; sourceTree = "<group>"; };
		E35AEFB624EFC949002C9FAA /* SceneDelegate.swift */ = {isa = PBXFileReference; lastKnownFileType = sourcecode.swift; path = SceneDelegate.swift; sourceTree = "<group>"; };
		E35AEFB824EFC949002C9FAA /* ViewController.swift */ = {isa = PBXFileReference; lastKnownFileType = sourcecode.swift; path = ViewController.swift; sourceTree = "<group>"; };
		E35AEFBB24EFC949002C9FAA /* Base */ = {isa = PBXFileReference; lastKnownFileType = file.storyboard; name = Base; path = Base.lproj/Main.storyboard; sourceTree = "<group>"; };
		E35AEFBD24EFC94B002C9FAA /* Assets.xcassets */ = {isa = PBXFileReference; lastKnownFileType = folder.assetcatalog; path = Assets.xcassets; sourceTree = "<group>"; };
		E35AEFC024EFC94B002C9FAA /* Base */ = {isa = PBXFileReference; lastKnownFileType = file.storyboard; name = Base; path = Base.lproj/LaunchScreen.storyboard; sourceTree = "<group>"; };
		E35AEFC224EFC94B002C9FAA /* Info.plist */ = {isa = PBXFileReference; lastKnownFileType = text.plist.xml; path = Info.plist; sourceTree = "<group>"; };
/* End PBXFileReference section */

/* Begin PBXFrameworksBuildPhase section */
		E35AEFAE24EFC949002C9FAA /* Frameworks */ = {
			isa = PBXFrameworksBuildPhase;
			buildActionMask = 2147483647;
			files = (
			);
			runOnlyForDeploymentPostprocessing = 0;
		};
/* End PBXFrameworksBuildPhase section */

/* Begin PBXGroup section */
		E35AEFA824EFC949002C9FAA = {
			isa = PBXGroup;
			children = (
				E35AEFB324EFC949002C9FAA /* TTCAssignment */,
				E35AEFB224EFC949002C9FAA /* Products */,
			);
			sourceTree = "<group>";
		};
		E35AEFB224EFC949002C9FAA /* Products */ = {
			isa = PBXGroup;
			children = (
				E35AEFB124EFC949002C9FAA /* TTCAssignment.app */,
			);
			name = Products;
			sourceTree = "<group>";
		};
		E35AEFB324EFC949002C9FAA /* TTCAssignment */ = {
			isa = PBXGroup;
			children = (
				E35AEFB424EFC949002C9FAA /* AppDelegate.swift */,
				E35AEFB624EFC949002C9FAA /* SceneDelegate.swift */,
				E35AEFB824EFC949002C9FAA /* ViewController.swift */,
				E35AEFBA24EFC949002C9FAA /* Main.storyboard */,
				E35AEFBD24EFC94B002C9FAA /* Assets.xcassets */,
				E35AEFBF24EFC94B002C9FAA /* LaunchScreen.storyboard */,
				E35AEFC224EFC94B002C9FAA /* Info.plist */,
			);
			path = TTCAssignment;
			sourceTree = "<group>";
		};
/* End PBXGroup section */

/* Begin PBXNativeTarget section */
		E35AEFB024EFC949002C9FAA /* TTCAssignment */ = {
			isa = PBXNativeTarget;
			buildConfigurationList = E35AEFC524EFC94B002C9FAA /* Build configuration list for PBXNativeTarget "TTCAssignment" */;
			buildPhases = (
				E35AEFAD24EFC949002C9FAA /* Sources */,
				E35AEFAE24EFC949002C9FAA /* Frameworks */,
				E35AEFAF24EFC949002C9FAA /* Resources */,
			);
			buildRules = (
			);
			dependencies = (
			);
			name = TTCAssignment;
			productName = TTCAssignment;
			productReference = E35AEFB124EFC949002C9FAA /* TTCAssignment.app */;
			productType = "com.apple.product-type.application";
		};
/* End PBXNativeTarget section */

/* Begin PBXProject section */
		E35AEFA924EFC949002C9FAA /* Project object */ = {
			isa = PBXProject;
			attributes = {
				LastSwiftUpdateCheck = 1150;
				LastUpgradeCheck = 1150;
				ORGANIZATIONNAME = Krats;
				TargetAttributes = {
					E35AEFB024EFC949002C9FAA = {
						CreatedOnToolsVersion = 11.5;
					};
				};
			};
			buildConfigurationList = E35AEFAC24EFC949002C9FAA /* Build configuration list for PBXProject "TTCAssignment" */;
			compatibilityVersion = "Xcode 9.3";
			developmentRegion = en;
			hasScannedForEncodings = 0;
			knownRegions = (
				en,
				Base,
			);
			mainGroup = E35AEFA824EFC949002C9FAA;
			productRefGroup = E35AEFB224EFC949002C9FAA /* Products */;
			projectDirPath = "";
			projectRoot = "";
			targets = (
				E35AEFB024EFC949002C9FAA /* TTCAssignment */,
			);
		};
/* End PBXProject section */

/* Begin PBXResourcesBuildPhase section */
		E35AEFAF24EFC949002C9FAA /* Resources */ = {
			isa = PBXResourcesBuildPhase;
			buildActionMask = 2147483647;
			files = (
				E35AEFC124EFC94B002C9FAA /* LaunchScreen.storyboard in Resources */,
				E35AEFBE24EFC94B002C9FAA /* Assets.xcassets in Resources */,
				E35AEFBC24EFC949002C9FAA /* Main.storyboard in Resources */,
			);
			runOnlyForDeploymentPostprocessing = 0;
		};
/* End PBXResourcesBuildPhase section */

/* Begin PBXSourcesBuildPhase section */
		E35AEFAD24EFC949002C9FAA /* Sources */ = {
			isa = PBXSourcesBuildPhase;
			buildActionMask = 2147483647;
			files = (
				E35AEFB924EFC949002C9FAA /* ViewController.swift in Sources */,
				E35AEFB524EFC949002C9FAA /* AppDelegate.swift in Sources */,
				E35AEFB724EFC949002C9FAA /* SceneDelegate.swift in Sources */,
			);
			runOnlyForDeploymentPostprocessing = 0;
		};
/* End PBXSourcesBuildPhase section */

/* Begin PBXVariantGroup section */
		E35AEFBA24EFC949002C9FAA /* Main.storyboard */ = {
			isa = PBXVariantGroup;
			children = (
				E35AEFBB24EFC949002C9FAA /* Base */,
			);
			name = Main.storyboard;
			sourceTree = "<group>";
		};
		E35AEFBF24EFC94B002C9FAA /* LaunchScreen.storyboard */ = {
			isa = PBXVariantGroup;
			children = (
				E35AEFC024EFC94B002C9FAA /* Base */,
			);
			name = LaunchScreen.storyboard;
			sourceTree = "<group>";
		};
/* End PBXVariantGroup section */

/* Begin XCBuildConfiguration section */
		E35AEFC324EFC94B002C9FAA /* Debug */ = {
			isa = XCBuildConfiguration;
			buildSettings = {
				ALWAYS_SEARCH_USER_PATHS = NO;
				CLANG_ANALYZER_NONNULL = YES;
				CLANG_ANALYZER_NUMBER_OBJECT_CONVERSION = YES_AGGRESSIVE;
				CLANG_CXX_LANGUAGE_STANDARD = "gnu++14";
				CLANG_CXX_LIBRARY = "libc++";
				CLANG_ENABLE_MODULES = YES;
				CLANG_ENABLE_OBJC_ARC = YES;
				CLANG_ENABLE_OBJC_WEAK = YES;
				CLANG_WARN_BLOCK_CAPTURE_AUTORELEASING = YES;
				CLANG_WARN_BOOL_CONVERSION = YES;
				CLANG_WARN_COMMA = YES;
				CLANG_WARN_CONSTANT_CONVERSION = YES;
				CLANG_WARN_DEPRECATED_OBJC_IMPLEMENTATIONS = YES;
				CLANG_WARN_DIRECT_OBJC_ISA_USAGE = YES_ERROR;
				CLANG_WARN_DOCUMENTATION_COMMENTS = YES;
				CLANG_WARN_EMPTY_BODY = YES;
				CLANG_WARN_ENUM_CONVERSION = YES;
				CLANG_WARN_INFINITE_RECURSION = YES;
				CLANG_WARN_INT_CONVERSION = YES;
				CLANG_WARN_NON_LITERAL_NULL_CONVERSION = YES;
				CLANG_WARN_OBJC_IMPLICIT_RETAIN_SELF = YES;
				CLANG_WARN_OBJC_LITERAL_CONVERSION = YES;
				CLANG_WARN_OBJC_ROOT_CLASS = YES_ERROR;
				CLANG_WARN_RANGE_LOOP_ANALYSIS = YES;
				CLANG_WARN_STRICT_PROTOTYPES = YES;
				CLANG_WARN_SUSPICIOUS_MOVE = YES;
				CLANG_WARN_UNGUARDED_AVAILABILITY = YES_AGGRESSIVE;
				CLANG_WARN_UNREACHABLE_CODE = YES;
				CLANG_WARN__DUPLICATE_METHOD_MATCH = YES;
				COPY_PHASE_STRIP = NO;
				DEBUG_INFORMATION_FORMAT = dwarf;
				ENABLE_STRICT_OBJC_MSGSEND = YES;
				ENABLE_TESTABILITY = YES;
				GCC_C_LANGUAGE_STANDARD = gnu11;
				GCC_DYNAMIC_NO_PIC = NO;
				GCC_NO_COMMON_BLOCKS = YES;
				GCC_OPTIMIZATION_LEVEL = 0;
				GCC_PREPROCESSOR_DEFINITIONS = (
					"DEBUG=1",
					"$(inherited)",
				);
				GCC_WARN_64_TO_32_BIT_CONVERSION = YES;
				GCC_WARN_ABOUT_RETURN_TYPE = YES_ERROR;
				GCC_WARN_UNDECLARED_SELECTOR = YES;
				GCC_WARN_UNINITIALIZED_AUTOS = YES_AGGRESSIVE;
				GCC_WARN_UNUSED_FUNCTION = YES;
				GCC_WARN_UNUSED_VARIABLE = YES;
				IPHONEOS_DEPLOYMENT_TARGET = 13.5;
				MTL_ENABLE_DEBUG_INFO = INCLUDE_SOURCE;
				MTL_FAST_MATH = YES;
				ONLY_ACTIVE_ARCH = YES;
				SDKROOT = iphoneos;
				SWIFT_ACTIVE_COMPILATION_CONDITIONS = DEBUG;
				SWIFT_OPTIMIZATION_LEVEL = "-Onone";
			};
			name = Debug;
		};
		E35AEFC424EFC94B002C9FAA /* Release */ = {
			isa = XCBuildConfiguration;
			buildSettings = {
				ALWAYS_SEARCH_USER_PATHS = NO;
				CLANG_ANALYZER_NONNULL = YES;
				CLANG_ANALYZER_NUMBER_OBJECT_CONVERSION = YES_AGGRESSIVE;
				CLANG_CXX_LANGUAGE_STANDARD = "gnu++14";
				CLANG_CXX_LIBRARY = "libc++";
				CLANG_ENABLE_MODULES = YES;
				CLANG_ENABLE_OBJC_ARC = YES;
				CLANG_ENABLE_OBJC_WEAK = YES;
				CLANG_WARN_BLOCK_CAPTURE_AUTORELEASING = YES;
				CLANG_WARN_BOOL_CONVERSION = YES;
				CLANG_WARN_COMMA = YES;
				CLANG_WARN_CONSTANT_CONVERSION = YES;
				CLANG_WARN_DEPRECATED_OBJC_IMPLEMENTATIONS = YES;
				CLANG_WARN_DIRECT_OBJC_ISA_USAGE = YES_ERROR;
				CLANG_WARN_DOCUMENTATION_COMMENTS = YES;
				CLANG_WARN_EMPTY_BODY = YES;
				CLANG_WARN_ENUM_CONVERSION = YES;
				CLANG_WARN_INFINITE_RECURSION = YES;
				CLANG_WARN_INT_CONVERSION = YES;
				CLANG_WARN_NON_LITERAL_NULL_CONVERSION = YES;
				CLANG_WARN_OBJC_IMPLICIT_RETAIN_SELF = YES;
				CLANG_WARN_OBJC_LITERAL_CONVERSION = YES;
				CLANG_WARN_OBJC_ROOT_CLASS = YES_ERROR;
				CLANG_WARN_RANGE_LOOP_ANALYSIS = YES;
				CLANG_WARN_STRICT_PROTOTYPES = YES;
				CLANG_WARN_SUSPICIOUS_MOVE = YES;
				CLANG_WARN_UNGUARDED_AVAILABILITY = YES_AGGRESSIVE;
				CLANG_WARN_UNREACHABLE_CODE = YES;
				CLANG_WARN__DUPLICATE_METHOD_MATCH = YES;
				COPY_PHASE_STRIP = NO;
				DEBUG_INFORMATION_FORMAT = "dwarf-with-dsym";
				ENABLE_NS_ASSERTIONS = NO;
				ENABLE_STRICT_OBJC_MSGSEND = YES;
				GCC_C_LANGUAGE_STANDARD = gnu11;
				GCC_NO_COMMON_BLOCKS = YES;
				GCC_WARN_64_TO_32_BIT_CONVERSION = YES;
				GCC_WARN_ABOUT_RETURN_TYPE = YES_ERROR;
				GCC_WARN_UNDECLARED_SELECTOR = YES;
				GCC_WARN_UNINITIALIZED_AUTOS = YES_AGGRESSIVE;
				GCC_WARN_UNUSED_FUNCTION = YES;
				GCC_WARN_UNUSED_VARIABLE = YES;
				IPHONEOS_DEPLOYMENT_TARGET = 13.5;
				MTL_ENABLE_DEBUG_INFO = NO;
				MTL_FAST_MATH = YES;
				SDKROOT = iphoneos;
				SWIFT_COMPILATION_MODE = wholemodule;
				SWIFT_OPTIMIZATION_LEVEL = "-O";
				VALIDATE_PRODUCT = YES;
			};
			name = Release;
		};
		E35AEFC624EFC94B002C9FAA /* Debug */ = {
			isa = XCBuildConfiguration;
			buildSettings = {
				ASSETCATALOG_COMPILER_APPICON_NAME = AppIcon;
				CODE_SIGN_STYLE = Automatic;
				DEVELOPMENT_TEAM = XUN95V9WDZ;
				INFOPLIST_FILE = TTCAssignment/Info.plist;
				LD_RUNPATH_SEARCH_PATHS = (
					"$(inherited)",
					"@executable_path/Frameworks",
				);
				PRODUCT_BUNDLE_IDENTIFIER = com.Kemuel.TTCAssignment;
				PRODUCT_NAME = "$(TARGET_NAME)";
				SWIFT_VERSION = 5.0;
				TARGETED_DEVICE_FAMILY = "1,2";
			};
			name = Debug;
		};
		E35AEFC724EFC94B002C9FAA /* Release */ = {
			isa = XCBuildConfiguration;
			buildSettings = {
				ASSETCATALOG_COMPILER_APPICON_NAME = AppIcon;
				CODE_SIGN_STYLE = Automatic;
				DEVELOPMENT_TEAM = XUN95V9WDZ;
				INFOPLIST_FILE = TTCAssignment/Info.plist;
				LD_RUNPATH_SEARCH_PATHS = (
					"$(inherited)",
					"@executable_path/Frameworks",
				);
				PRODUCT_BUNDLE_IDENTIFIER = com.Kemuel.TTCAssignment;
				PRODUCT_NAME = "$(TARGET_NAME)";
				SWIFT_VERSION = 5.0;
				TARGETED_DEVICE_FAMILY = "1,2";
			};
			name = Release;
		};
/* End XCBuildConfiguration section */

/* Begin XCConfigurationList section */
		E35AEFAC24EFC949002C9FAA /* Build configuration list for PBXProject "TTCAssignment" */ = {
			isa = XCConfigurationList;
			buildConfigurations = (
				E35AEFC324EFC94B002C9FAA /* Debug */,
				E35AEFC424EFC94B002C9FAA /* Release */,
			);
			defaultConfigurationIsVisible = 0;
			defaultConfigurationName = Release;
		};
		E35AEFC524EFC94B002C9FAA /* Build configuration list for PBXNativeTarget "TTCAssignment" */ = {
			isa = XCConfigurationList;
			buildConfigurations = (
				E35AEFC624EFC94B002C9FAA /* Debug */,
				E35AEFC724EFC94B002C9FAA /* Release */,
			);
			defaultConfigurationIsVisible = 0;
			defaultConfigurationName = Release;
		};
/* End XCConfigurationList section */
	};
	rootObject = E35AEFA924EFC949002C9FAA /* Project object */;
}
